
Microsoft Visual Studio Solution File, Format Version 12.00
# Visual Studio 15
Project("{FAE04EC0-301F-11D3-BF4B-00C04F79EFBC}") = "Assembly-CSharp", "Assembly-CSharp.csproj", "{59748425-FEED-EB2F-5CE0-FE89030D7F77}"
EndProject
Project("{FAE04EC0-301F-11D3-BF4B-00C04F79EFBC}") = "Assembly-CSharp-Editor", "Assembly-CSharp-Editor.csproj", "{F391F022-306F-A086-0162-99E4B2B152A0}"
EndProject
Global
	GlobalSection(SolutionConfigurationPlatforms) = preSolution
		Debug|Any CPU = Debug|Any CPU
		Release|Any CPU = Release|Any CPU
	EndGlobalSection
	GlobalSection(ProjectConfigurationPlatforms) = postSolution
		{59748425-FEED-EB2F-5CE0-FE89030D7F77}.Debug|Any CPU.ActiveCfg = Debug|Any CPU
		{59748425-FEED-EB2F-5CE0-FE89030D7F77}.Debug|Any CPU.Build.0 = Debug|Any CPU
		{59748425-FEED-EB2F-5CE0-FE89030D7F77}.Release|Any CPU.ActiveCfg = Release|Any CPU
		{59748425-FEED-EB2F-5CE0-FE89030D7F77}.Release|Any CPU.Build.0 = Release|Any CPU
		{F391F022-306F-A086-0162-99E4B2B152A0}.Debug|Any CPU.ActiveCfg = Debug|Any CPU
		{F391F022-306F-A086-0162-99E4B2B152A0}.Debug|Any CPU.Build.0 = Debug|Any CPU
		{F391F022-306F-A086-0162-99E4B2B152A0}.Release|Any CPU.ActiveCfg = Release|Any CPU
		{F391F022-306F-A086-0162-99E4B2B152A0}.Release|Any CPU.Build.0 = Release|Any CPU
	EndGlobalSection
	GlobalSection(SolutionProperties) = preSolution
		HideSolutionNode = FALSE
	EndGlobalSection
EndGlobal
